// !$*UTF8*$!
{
	archiveVersion = 1;
	classes = {
	};
	objectVersion = 56;
	objects = {

/* Begin PBXBuildFile section */
		BAD646CF2B3E0A1C00B7C644 /* AppDelegate.swift in Sources */ = {isa = PBXBuildFile; fileRef = BAD646CE2B3E0A1C00B7C644 /* AppDelegate.swift */; };
		BAD646D12B3E0A1C00B7C644 /* SceneDelegate.swift in Sources */ = {isa = PBXBuildFile; fileRef = BAD646D02B3E0A1C00B7C644 /* SceneDelegate.swift */; };
		BAD646D32B3E0A1C00B7C644 /* ViewController.swift in Sources */ = {isa = PBXBuildFile; fileRef = BAD646D22B3E0A1C00B7C644 /* ViewController.swift */; };
		BAD646D62B3E0A1C00B7C644 /* Main.storyboard in Resources */ = {isa = PBXBuildFile; fileRef = BAD646D42B3E0A1C00B7C644 /* Main.storyboard */; };
		BAD646D82B3E0A1D00B7C644 /* Assets.xcassets in Resources */ = {isa = PBXBuildFile; fileRef = BAD646D72B3E0A1D00B7C644 /* Assets.xcassets */; };
		BAD646DB2B3E0A1D00B7C644 /* LaunchScreen.storyboard in Resources */ = {isa = PBXBuildFile; fileRef = BAD646D92B3E0A1D00B7C644 /* LaunchScreen.storyboard */; };
		BAD646E62B3E0A1E00B7C644 /* ApplePaySampleTests.swift in Sources */ = {isa = PBXBuildFile; fileRef = BAD646E52B3E0A1E00B7C644 /* ApplePaySampleTests.swift */; };
		BAD646F02B3E0A1E00B7C644 /* ApplePaySampleUITests.swift in Sources */ = {isa = PBXBuildFile; fileRef = BAD646EF2B3E0A1E00B7C644 /* ApplePaySampleUITests.swift */; };
		BAD646F22B3E0A1E00B7C644 /* ApplePaySampleUITestsLaunchTests.swift in Sources */ = {isa = PBXBuildFile; fileRef = BAD646F12B3E0A1E00B7C644 /* ApplePaySampleUITestsLaunchTests.swift */; };
/* End PBXBuildFile section */

/* Begin PBXContainerItemProxy section */
		BAD646E22B3E0A1E00B7C644 /* PBXContainerItemProxy */ = {
			isa = PBXContainerItemProxy;
			containerPortal = BAD646C32B3E0A1C00B7C644 /* Project object */;
			proxyType = 1;
			remoteGlobalIDString = BAD646CA2B3E0A1C00B7C644;
			remoteInfo = ApplePaySample;
		};
		BAD646EC2B3E0A1E00B7C644 /* PBXContainerItemProxy */ = {
			isa = PBXContainerItemProxy;
			containerPortal = BAD646C32B3E0A1C00B7C644 /* Project object */;
			proxyType = 1;
			remoteGlobalIDString = BAD646CA2B3E0A1C00B7C644;
			remoteInfo = ApplePaySample;
		};
/* End PBXContainerItemProxy section */

/* Begin PBXFileReference section */
		BAD646CB2B3E0A1C00B7C644 /* ApplePaySample.app */ = {isa = PBXFileReference; explicitFileType = wrapper.application; includeInIndex = 0; path = ApplePaySample.app; sourceTree = BUILT_PRODUCTS_DIR; };
		BAD646CE2B3E0A1C00B7C644 /* AppDelegate.swift */ = {isa = PBXFileReference; lastKnownFileType = sourcecode.swift; path = AppDelegate.swift; sourceTree = "<group>"; };
		BAD646D02B3E0A1C00B7C644 /* SceneDelegate.swift */ = {isa = PBXFileReference; lastKnownFileType = sourcecode.swift; path = SceneDelegate.swift; sourceTree = "<group>"; };
		BAD646D22B3E0A1C00B7C644 /* ViewController.swift */ = {isa = PBXFileReference; lastKnownFileType = sourcecode.swift; path = ViewController.swift; sourceTree = "<group>"; };
		BAD646D52B3E0A1C00B7C644 /* Base */ = {isa = PBXFileReference; lastKnownFileType = file.storyboard; name = Base; path = Base.lproj/Main.storyboard; sourceTree = "<group>"; };
		BAD646D72B3E0A1D00B7C644 /* Assets.xcassets */ = {isa = PBXFileReference; lastKnownFileType = folder.assetcatalog; path = Assets.xcassets; sourceTree = "<group>"; };
		BAD646DA2B3E0A1D00B7C644 /* Base */ = {isa = PBXFileReference; lastKnownFileType = file.storyboard; name = Base; path = Base.lproj/LaunchScreen.storyboard; sourceTree = "<group>"; };
		BAD646DC2B3E0A1D00B7C644 /* Info.plist */ = {isa = PBXFileReference; lastKnownFileType = text.plist.xml; path = Info.plist; sourceTree = "<group>"; };
		BAD646E12B3E0A1E00B7C644 /* ApplePaySampleTests.xctest */ = {isa = PBXFileReference; explicitFileType = wrapper.cfbundle; includeInIndex = 0; path = ApplePaySampleTests.xctest; sourceTree = BUILT_PRODUCTS_DIR; };
		BAD646E52B3E0A1E00B7C644 /* ApplePaySampleTests.swift */ = {isa = PBXFileReference; lastKnownFileType = sourcecode.swift; path = ApplePaySampleTests.swift; sourceTree = "<group>"; };
		BAD646EB2B3E0A1E00B7C644 /* ApplePaySampleUITests.xctest */ = {isa = PBXFileReference; explicitFileType = wrapper.cfbundle; includeInIndex = 0; path = ApplePaySampleUITests.xctest; sourceTree = BUILT_PRODUCTS_DIR; };
		BAD646EF2B3E0A1E00B7C644 /* ApplePaySampleUITests.swift */ = {isa = PBXFileReference; lastKnownFileType = sourcecode.swift; path = ApplePaySampleUITests.swift; sourceTree = "<group>"; };
		BAD646F12B3E0A1E00B7C644 /* ApplePaySampleUITestsLaunchTests.swift */ = {isa = PBXFileReference; lastKnownFileType = sourcecode.swift; path = ApplePaySampleUITestsLaunchTests.swift; sourceTree = "<group>"; };
/* End PBXFileReference section */

/* Begin PBXFrameworksBuildPhase section */
		BAD646C82B3E0A1C00B7C644 /* Frameworks */ = {
			isa = PBXFrameworksBuildPhase;
			buildActionMask = 2147483647;
			files = (
			);
			runOnlyForDeploymentPostprocessing = 0;
		};
		BAD646DE2B3E0A1E00B7C644 /* Frameworks */ = {
			isa = PBXFrameworksBuildPhase;
			buildActionMask = 2147483647;
			files = (
			);
			runOnlyForDeploymentPostprocessing = 0;
		};
		BAD646E82B3E0A1E00B7C644 /* Frameworks */ = {
			isa = PBXFrameworksBuildPhase;
			buildActionMask = 2147483647;
			files = (
			);
			runOnlyForDeploymentPostprocessing = 0;
		};
/* End PBXFrameworksBuildPhase section */

/* Begin PBXGroup section */
		BAD646C22B3E0A1C00B7C644 = {
			isa = PBXGroup;
			children = (
				BAD646CD2B3E0A1C00B7C644 /* ApplePaySample */,
				BAD646E42B3E0A1E00B7C644 /* ApplePaySampleTests */,
				BAD646EE2B3E0A1E00B7C644 /* ApplePaySampleUITests */,
				BAD646CC2B3E0A1C00B7C644 /* Products */,
			);
			sourceTree = "<group>";
		};
		BAD646CC2B3E0A1C00B7C644 /* Products */ = {
			isa = PBXGroup;
			children = (
				BAD646CB2B3E0A1C00B7C644 /* ApplePaySample.app */,
				BAD646E12B3E0A1E00B7C644 /* ApplePaySampleTests.xctest */,
				BAD646EB2B3E0A1E00B7C644 /* ApplePaySampleUITests.xctest */,
			);
			name = Products;
			sourceTree = "<group>";
		};
		BAD646CD2B3E0A1C00B7C644 /* ApplePaySample */ = {
			isa = PBXGroup;
			children = (
				BAD646CE2B3E0A1C00B7C644 /* AppDelegate.swift */,
				BAD646D02B3E0A1C00B7C644 /* SceneDelegate.swift */,
				BAD646D22B3E0A1C00B7C644 /* ViewController.swift */,
				BAD646D42B3E0A1C00B7C644 /* Main.storyboard */,
				BAD646D72B3E0A1D00B7C644 /* Assets.xcassets */,
				BAD646D92B3E0A1D00B7C644 /* LaunchScreen.storyboard */,
				BAD646DC2B3E0A1D00B7C644 /* Info.plist */,
			);
			path = ApplePaySample;
			sourceTree = "<group>";
		};
		BAD646E42B3E0A1E00B7C644 /* ApplePaySampleTests */ = {
			isa = PBXGroup;
			children = (
				BAD646E52B3E0A1E00B7C644 /* ApplePaySampleTests.swift */,
			);
			path = ApplePaySampleTests;
			sourceTree = "<group>";
		};
		BAD646EE2B3E0A1E00B7C644 /* ApplePaySampleUITests */ = {
			isa = PBXGroup;
			children = (
				BAD646EF2B3E0A1E00B7C644 /* ApplePaySampleUITests.swift */,
				BAD646F12B3E0A1E00B7C644 /* ApplePaySampleUITestsLaunchTests.swift */,
			);
			path = ApplePaySampleUITests;
			sourceTree = "<group>";
		};
/* End PBXGroup section */

/* Begin PBXNativeTarget section */
		BAD646CA2B3E0A1C00B7C644 /* ApplePaySample */ = {
			isa = PBXNativeTarget;
			buildConfigurationList = BAD646F52B3E0A1E00B7C644 /* Build configuration list for PBXNativeTarget "ApplePaySample" */;
			buildPhases = (
				BAD646C72B3E0A1C00B7C644 /* Sources */,
				BAD646C82B3E0A1C00B7C644 /* Frameworks */,
				BAD646C92B3E0A1C00B7C644 /* Resources */,
			);
			buildRules = (
			);
			dependencies = (
			);
			name = ApplePaySample;
			productName = ApplePaySample;
			productReference = BAD646CB2B3E0A1C00B7C644 /* ApplePaySample.app */;
			productType = "com.apple.product-type.application";
		};
		BAD646E02B3E0A1E00B7C644 /* ApplePaySampleTests */ = {
			isa = PBXNativeTarget;
			buildConfigurationList = BAD646F82B3E0A1E00B7C644 /* Build configuration list for PBXNativeTarget "ApplePaySampleTests" */;
			buildPhases = (
				BAD646DD2B3E0A1E00B7C644 /* Sources */,
				BAD646DE2B3E0A1E00B7C644 /* Frameworks */,
				BAD646DF2B3E0A1E00B7C644 /* Resources */,
			);
			buildRules = (
			);
			dependencies = (
				BAD646E32B3E0A1E00B7C644 /* PBXTargetDependency */,
			);
			name = ApplePaySampleTests;
			productName = ApplePaySampleTests;
			productReference = BAD646E12B3E0A1E00B7C644 /* ApplePaySampleTests.xctest */;
			productType = "com.apple.product-type.bundle.unit-test";
		};
		BAD646EA2B3E0A1E00B7C644 /* ApplePaySampleUITests */ = {
			isa = PBXNativeTarget;
			buildConfigurationList = BAD646FB2B3E0A1E00B7C644 /* Build configuration list for PBXNativeTarget "ApplePaySampleUITests" */;
			buildPhases = (
				BAD646E72B3E0A1E00B7C644 /* Sources */,
				BAD646E82B3E0A1E00B7C644 /* Frameworks */,
				BAD646E92B3E0A1E00B7C644 /* Resources */,
			);
			buildRules = (
			);
			dependencies = (
				BAD646ED2B3E0A1E00B7C644 /* PBXTargetDependency */,
			);
			name = ApplePaySampleUITests;
			productName = ApplePaySampleUITests;
			productReference = BAD646EB2B3E0A1E00B7C644 /* ApplePaySampleUITests.xctest */;
			productType = "com.apple.product-type.bundle.ui-testing";
		};
/* End PBXNativeTarget section */

/* Begin PBXProject section */
		BAD646C32B3E0A1C00B7C644 /* Project object */ = {
			isa = PBXProject;
			attributes = {
				BuildIndependentTargetsInParallel = 1;
				LastSwiftUpdateCheck = 1500;
				LastUpgradeCheck = 1500;
				TargetAttributes = {
					BAD646CA2B3E0A1C00B7C644 = {
						CreatedOnToolsVersion = 15.0.1;
					};
					BAD646E02B3E0A1E00B7C644 = {
						CreatedOnToolsVersion = 15.0.1;
						TestTargetID = BAD646CA2B3E0A1C00B7C644;
					};
					BAD646EA2B3E0A1E00B7C644 = {
						CreatedOnToolsVersion = 15.0.1;
						TestTargetID = BAD646CA2B3E0A1C00B7C644;
					};
				};
			};
			buildConfigurationList = BAD646C62B3E0A1C00B7C644 /* Build configuration list for PBXProject "ApplePaySample" */;
			compatibilityVersion = "Xcode 14.0";
			developmentRegion = en;
			hasScannedForEncodings = 0;
			knownRegions = (
				en,
				Base,
			);
			mainGroup = BAD646C22B3E0A1C00B7C644;
			productRefGroup = BAD646CC2B3E0A1C00B7C644 /* Products */;
			projectDirPath = "";
			projectRoot = "";
			targets = (
				BAD646CA2B3E0A1C00B7C644 /* ApplePaySample */,
				BAD646E02B3E0A1E00B7C644 /* ApplePaySampleTests */,
				BAD646EA2B3E0A1E00B7C644 /* ApplePaySampleUITests */,
			);
		};
/* End PBXProject section */

/* Begin PBXResourcesBuildPhase section */
		BAD646C92B3E0A1C00B7C644 /* Resources */ = {
			isa = PBXResourcesBuildPhase;
			buildActionMask = 2147483647;
			files = (
				BAD646DB2B3E0A1D00B7C644 /* LaunchScreen.storyboard in Resources */,
				BAD646D82B3E0A1D00B7C644 /* Assets.xcassets in Resources */,
				BAD646D62B3E0A1C00B7C644 /* Main.storyboard in Resources */,
			);
			runOnlyForDeploymentPostprocessing = 0;
		};
		BAD646DF2B3E0A1E00B7C644 /* Resources */ = {
			isa = PBXResourcesBuildPhase;
			buildActionMask = 2147483647;
			files = (
			);
			runOnlyForDeploymentPostprocessing = 0;
		};
		BAD646E92B3E0A1E00B7C644 /* Resources */ = {
			isa = PBXResourcesBuildPhase;
			buildActionMask = 2147483647;
			files = (
			);
			runOnlyForDeploymentPostprocessing = 0;
		};
/* End PBXResourcesBuildPhase section */

/* Begin PBXSourcesBuildPhase section */
		BAD646C72B3E0A1C00B7C644 /* Sources */ = {
			isa = PBXSourcesBuildPhase;
			buildActionMask = 2147483647;
			files = (
				BAD646D32B3E0A1C00B7C644 /* ViewController.swift in Sources */,
				BAD646CF2B3E0A1C00B7C644 /* AppDelegate.swift in Sources */,
				BAD646D12B3E0A1C00B7C644 /* SceneDelegate.swift in Sources */,
			);
			runOnlyForDeploymentPostprocessing = 0;
		};
		BAD646DD2B3E0A1E00B7C644 /* Sources */ = {
			isa = PBXSourcesBuildPhase;
			buildActionMask = 2147483647;
			files = (
				BAD646E62B3E0A1E00B7C644 /* ApplePaySampleTests.swift in Sources */,
			);
			runOnlyForDeploymentPostprocessing = 0;
		};
		BAD646E72B3E0A1E00B7C644 /* Sources */ = {
			isa = PBXSourcesBuildPhase;
			buildActionMask = 2147483647;
			files = (
				BAD646F22B3E0A1E00B7C644 /* ApplePaySampleUITestsLaunchTests.swift in Sources */,
				BAD646F02B3E0A1E00B7C644 /* ApplePaySampleUITests.swift in Sources */,
			);
			runOnlyForDeploymentPostprocessing = 0;
		};
/* End PBXSourcesBuildPhase section */

/* Begin PBXTargetDependency section */
		BAD646E32B3E0A1E00B7C644 /* PBXTargetDependency */ = {
			isa = PBXTargetDependency;
			target = BAD646CA2B3E0A1C00B7C644 /* ApplePaySample */;
			targetProxy = BAD646E22B3E0A1E00B7C644 /* PBXContainerItemProxy */;
		};
		BAD646ED2B3E0A1E00B7C644 /* PBXTargetDependency */ = {
			isa = PBXTargetDependency;
			target = BAD646CA2B3E0A1C00B7C644 /* ApplePaySample */;
			targetProxy = BAD646EC2B3E0A1E00B7C644 /* PBXContainerItemProxy */;
		};
/* End PBXTargetDependency section */

/* Begin PBXVariantGroup section */
		BAD646D42B3E0A1C00B7C644 /* Main.storyboard */ = {
			isa = PBXVariantGroup;
			children = (
				BAD646D52B3E0A1C00B7C644 /* Base */,
			);
			name = Main.storyboard;
			sourceTree = "<group>";
		};
		BAD646D92B3E0A1D00B7C644 /* LaunchScreen.storyboard */ = {
			isa = PBXVariantGroup;
			children = (
				BAD646DA2B3E0A1D00B7C644 /* Base */,
			);
			name = LaunchScreen.storyboard;
			sourceTree = "<group>";
		};
/* End PBXVariantGroup section */

/* Begin XCBuildConfiguration section */
		BAD646F32B3E0A1E00B7C644 /* Debug */ = {
			isa = XCBuildConfiguration;
			buildSettings = {
				ALWAYS_SEARCH_USER_PATHS = NO;
				ASSETCATALOG_COMPILER_GENERATE_SWIFT_ASSET_SYMBOL_EXTENSIONS = YES;
				CLANG_ANALYZER_NONNULL = YES;
				CLANG_ANALYZER_NUMBER_OBJECT_CONVERSION = YES_AGGRESSIVE;
				CLANG_CXX_LANGUAGE_STANDARD = "gnu++20";
				CLANG_ENABLE_MODULES = YES;
				CLANG_ENABLE_OBJC_ARC = YES;
				CLANG_ENABLE_OBJC_WEAK = YES;
				CLANG_WARN_BLOCK_CAPTURE_AUTORELEASING = YES;
				CLANG_WARN_BOOL_CONVERSION = YES;
				CLANG_WARN_COMMA = YES;
				CLANG_WARN_CONSTANT_CONVERSION = YES;
				CLANG_WARN_DEPRECATED_OBJC_IMPLEMENTATIONS = YES;
				CLANG_WARN_DIRECT_OBJC_ISA_USAGE = YES_ERROR;
				CLANG_WARN_DOCUMENTATION_COMMENTS = YES;
				CLANG_WARN_EMPTY_BODY = YES;
				CLANG_WARN_ENUM_CONVERSION = YES;
				CLANG_WARN_INFINITE_RECURSION = YES;
				CLANG_WARN_INT_CONVERSION = YES;
				CLANG_WARN_NON_LITERAL_NULL_CONVERSION = YES;
				CLANG_WARN_OBJC_IMPLICIT_RETAIN_SELF = YES;
				CLANG_WARN_OBJC_LITERAL_CONVERSION = YES;
				CLANG_WARN_OBJC_ROOT_CLASS = YES_ERROR;
				CLANG_WARN_QUOTED_INCLUDE_IN_FRAMEWORK_HEADER = YES;
				CLANG_WARN_RANGE_LOOP_ANALYSIS = YES;
				CLANG_WARN_STRICT_PROTOTYPES = YES;
				CLANG_WARN_SUSPICIOUS_MOVE = YES;
				CLANG_WARN_UNGUARDED_AVAILABILITY = YES_AGGRESSIVE;
				CLANG_WARN_UNREACHABLE_CODE = YES;
				CLANG_WARN__DUPLICATE_METHOD_MATCH = YES;
				COPY_PHASE_STRIP = NO;
				DEBUG_INFORMATION_FORMAT = dwarf;
				ENABLE_STRICT_OBJC_MSGSEND = YES;
				ENABLE_TESTABILITY = YES;
				ENABLE_USER_SCRIPT_SANDBOXING = YES;
				GCC_C_LANGUAGE_STANDARD = gnu17;
				GCC_DYNAMIC_NO_PIC = NO;
				GCC_NO_COMMON_BLOCKS = YES;
				GCC_OPTIMIZATION_LEVEL = 0;
				GCC_PREPROCESSOR_DEFINITIONS = (
					"DEBUG=1",
					"$(inherited)",
				);
				GCC_WARN_64_TO_32_BIT_CONVERSION = YES;
				GCC_WARN_ABOUT_RETURN_TYPE = YES_ERROR;
				GCC_WARN_UNDECLARED_SELECTOR = YES;
				GCC_WARN_UNINITIALIZED_AUTOS = YES_AGGRESSIVE;
				GCC_WARN_UNUSED_FUNCTION = YES;
				GCC_WARN_UNUSED_VARIABLE = YES;
				IPHONEOS_DEPLOYMENT_TARGET = 17.0;
				LOCALIZATION_PREFERS_STRING_CATALOGS = YES;
				MTL_ENABLE_DEBUG_INFO = INCLUDE_SOURCE;
				MTL_FAST_MATH = YES;
				ONLY_ACTIVE_ARCH = YES;
				SDKROOT = iphoneos;
				SWIFT_ACTIVE_COMPILATION_CONDITIONS = "DEBUG $(inherited)";
				SWIFT_OPTIMIZATION_LEVEL = "-Onone";
			};
			name = Debug;
		};
		BAD646F42B3E0A1E00B7C644 /* Release */ = {
			isa = XCBuildConfiguration;
			buildSettings = {
				ALWAYS_SEARCH_USER_PATHS = NO;
				ASSETCATALOG_COMPILER_GENERATE_SWIFT_ASSET_SYMBOL_EXTENSIONS = YES;
				CLANG_ANALYZER_NONNULL = YES;
				CLANG_ANALYZER_NUMBER_OBJECT_CONVERSION = YES_AGGRESSIVE;
				CLANG_CXX_LANGUAGE_STANDARD = "gnu++20";
				CLANG_ENABLE_MODULES = YES;
				CLANG_ENABLE_OBJC_ARC = YES;
				CLANG_ENABLE_OBJC_WEAK = YES;
				CLANG_WARN_BLOCK_CAPTURE_AUTORELEASING = YES;
				CLANG_WARN_BOOL_CONVERSION = YES;
				CLANG_WARN_COMMA = YES;
				CLANG_WARN_CONSTANT_CONVERSION = YES;
				CLANG_WARN_DEPRECATED_OBJC_IMPLEMENTATIONS = YES;
				CLANG_WARN_DIRECT_OBJC_ISA_USAGE = YES_ERROR;
				CLANG_WARN_DOCUMENTATION_COMMENTS = YES;
				CLANG_WARN_EMPTY_BODY = YES;
				CLANG_WARN_ENUM_CONVERSION = YES;
				CLANG_WARN_INFINITE_RECURSION = YES;
				CLANG_WARN_INT_CONVERSION = YES;
				CLANG_WARN_NON_LITERAL_NULL_CONVERSION = YES;
				CLANG_WARN_OBJC_IMPLICIT_RETAIN_SELF = YES;
				CLANG_WARN_OBJC_LITERAL_CONVERSION = YES;
				CLANG_WARN_OBJC_ROOT_CLASS = YES_ERROR;
				CLANG_WARN_QUOTED_INCLUDE_IN_FRAMEWORK_HEADER = YES;
				CLANG_WARN_RANGE_LOOP_ANALYSIS = YES;
				CLANG_WARN_STRICT_PROTOTYPES = YES;
				CLANG_WARN_SUSPICIOUS_MOVE = YES;
				CLANG_WARN_UNGUARDED_AVAILABILITY = YES_AGGRESSIVE;
				CLANG_WARN_UNREACHABLE_CODE = YES;
				CLANG_WARN__DUPLICATE_METHOD_MATCH = YES;
				COPY_PHASE_STRIP = NO;
				DEBUG_INFORMATION_FORMAT = "dwarf-with-dsym";
				ENABLE_NS_ASSERTIONS = NO;
				ENABLE_STRICT_OBJC_MSGSEND = YES;
				ENABLE_USER_SCRIPT_SANDBOXING = YES;
				GCC_C_LANGUAGE_STANDARD = gnu17;
				GCC_NO_COMMON_BLOCKS = YES;
				GCC_WARN_64_TO_32_BIT_CONVERSION = YES;
				GCC_WARN_ABOUT_RETURN_TYPE = YES_ERROR;
				GCC_WARN_UNDECLARED_SELECTOR = YES;
				GCC_WARN_UNINITIALIZED_AUTOS = YES_AGGRESSIVE;
				GCC_WARN_UNUSED_FUNCTION = YES;
				GCC_WARN_UNUSED_VARIABLE = YES;
				IPHONEOS_DEPLOYMENT_TARGET = 17.0;
				LOCALIZATION_PREFERS_STRING_CATALOGS = YES;
				MTL_ENABLE_DEBUG_INFO = NO;
				MTL_FAST_MATH = YES;
				SDKROOT = iphoneos;
				SWIFT_COMPILATION_MODE = wholemodule;
				VALIDATE_PRODUCT = YES;
			};
			name = Release;
		};
		BAD646F62B3E0A1E00B7C644 /* Debug */ = {
			isa = XCBuildConfiguration;
			buildSettings = {
				ASSETCATALOG_COMPILER_APPICON_NAME = AppIcon;
				ASSETCATALOG_COMPILER_GLOBAL_ACCENT_COLOR_NAME = AccentColor;
				CODE_SIGN_STYLE = Automatic;
				CURRENT_PROJECT_VERSION = 1;
				DEVELOPMENT_TEAM = W769B4T7BB;
				GENERATE_INFOPLIST_FILE = YES;
				INFOPLIST_FILE = ApplePaySample/Info.plist;
				INFOPLIST_KEY_UIApplicationSupportsIndirectInputEvents = YES;
				INFOPLIST_KEY_UILaunchStoryboardName = LaunchScreen;
				INFOPLIST_KEY_UIMainStoryboardFile = Main;
				INFOPLIST_KEY_UISupportedInterfaceOrientations_iPad = "UIInterfaceOrientationPortrait UIInterfaceOrientationPortraitUpsideDown UIInterfaceOrientationLandscapeLeft UIInterfaceOrientationLandscapeRight";
				INFOPLIST_KEY_UISupportedInterfaceOrientations_iPhone = "UIInterfaceOrientationPortrait UIInterfaceOrientationLandscapeLeft UIInterfaceOrientationLandscapeRight";
				LD_RUNPATH_SEARCH_PATHS = (
					"$(inherited)",
					"@executable_path/Frameworks",
				);
				MARKETING_VERSION = 1.0;
				PRODUCT_BUNDLE_IDENTIFIER = com.kumaprovider.ApplePaySample;
				PRODUCT_NAME = "$(TARGET_NAME)";
				SWIFT_EMIT_LOC_STRINGS = YES;
				SWIFT_VERSION = 5.0;
				TARGETED_DEVICE_FAMILY = "1,2";
			};
			name = Debug;
		};
		BAD646F72B3E0A1E00B7C644 /* Release */ = {
			isa = XCBuildConfiguration;
			buildSettings = {
				ASSETCATALOG_COMPILER_APPICON_NAME = AppIcon;
				ASSETCATALOG_COMPILER_GLOBAL_ACCENT_COLOR_NAME = AccentColor;
				CODE_SIGN_STYLE = Automatic;
				CURRENT_PROJECT_VERSION = 1;
				DEVELOPMENT_TEAM = W769B4T7BB;
				GENERATE_INFOPLIST_FILE = YES;
				INFOPLIST_FILE = ApplePaySample/Info.plist;
				INFOPLIST_KEY_UIApplicationSupportsIndirectInputEvents = YES;
				INFOPLIST_KEY_UILaunchStoryboardName = LaunchScreen;
				INFOPLIST_KEY_UIMainStoryboardFile = Main;
				INFOPLIST_KEY_UISupportedInterfaceOrientations_iPad = "UIInterfaceOrientationPortrait UIInterfaceOrientationPortraitUpsideDown UIInterfaceOrientationLandscapeLeft UIInterfaceOrientationLandscapeRight";
				INFOPLIST_KEY_UISupportedInterfaceOrientations_iPhone = "UIInterfaceOrientationPortrait UIInterfaceOrientationLandscapeLeft UIInterfaceOrientationLandscapeRight";
				LD_RUNPATH_SEARCH_PATHS = (
					"$(inherited)",
					"@executable_path/Frameworks",
				);
				MARKETING_VERSION = 1.0;
				PRODUCT_BUNDLE_IDENTIFIER = com.kumaprovider.ApplePaySample;
				PRODUCT_NAME = "$(TARGET_NAME)";
				SWIFT_EMIT_LOC_STRINGS = YES;
				SWIFT_VERSION = 5.0;
				TARGETED_DEVICE_FAMILY = "1,2";
			};
			name = Release;
		};
		BAD646F92B3E0A1E00B7C644 /* Debug */ = {
			isa = XCBuildConfiguration;
			buildSettings = {
				ALWAYS_EMBED_SWIFT_STANDARD_LIBRARIES = YES;
				BUNDLE_LOADER = "$(TEST_HOST)";
				CODE_SIGN_STYLE = Automatic;
				CURRENT_PROJECT_VERSION = 1;
				DEVELOPMENT_TEAM = W769B4T7BB;
				GENERATE_INFOPLIST_FILE = YES;
				IPHONEOS_DEPLOYMENT_TARGET = 17.0;
				MARKETING_VERSION = 1.0;
				PRODUCT_BUNDLE_IDENTIFIER = com.kumaprovider.ApplePaySampleTests;
				PRODUCT_NAME = "$(TARGET_NAME)";
				SWIFT_EMIT_LOC_STRINGS = NO;
				SWIFT_VERSION = 5.0;
				TARGETED_DEVICE_FAMILY = "1,2";
				TEST_HOST = "$(BUILT_PRODUCTS_DIR)/ApplePaySample.app/$(BUNDLE_EXECUTABLE_FOLDER_PATH)/ApplePaySample";
			};
			name = Debug;
		};
		BAD646FA2B3E0A1E00B7C644 /* Release */ = {
			isa = XCBuildConfiguration;
			buildSettings = {
				ALWAYS_EMBED_SWIFT_STANDARD_LIBRARIES = YES;
				BUNDLE_LOADER = "$(TEST_HOST)";
				CODE_SIGN_STYLE = Automatic;
				CURRENT_PROJECT_VERSION = 1;
				DEVELOPMENT_TEAM = W769B4T7BB;
				GENERATE_INFOPLIST_FILE = YES;
				IPHONEOS_DEPLOYMENT_TARGET = 17.0;
				MARKETING_VERSION = 1.0;
				PRODUCT_BUNDLE_IDENTIFIER = com.kumaprovider.ApplePaySampleTests;
				PRODUCT_NAME = "$(TARGET_NAME)";
				SWIFT_EMIT_LOC_STRINGS = NO;
				SWIFT_VERSION = 5.0;
				TARGETED_DEVICE_FAMILY = "1,2";
				TEST_HOST = "$(BUILT_PRODUCTS_DIR)/ApplePaySample.app/$(BUNDLE_EXECUTABLE_FOLDER_PATH)/ApplePaySample";
			};
			name = Release;
		};
		BAD646FC2B3E0A1E00B7C644 /* Debug */ = {
			isa = XCBuildConfiguration;
			buildSettings = {
				ALWAYS_EMBED_SWIFT_STANDARD_LIBRARIES = YES;
				CODE_SIGN_STYLE = Automatic;
				CURRENT_PROJECT_VERSION = 1;
				DEVELOPMENT_TEAM = W769B4T7BB;
				GENERATE_INFOPLIST_FILE = YES;
				MARKETING_VERSION = 1.0;
				PRODUCT_BUNDLE_IDENTIFIER = com.kumaprovider.ApplePaySampleUITests;
				PRODUCT_NAME = "$(TARGET_NAME)";
				SWIFT_EMIT_LOC_STRINGS = NO;
				SWIFT_VERSION = 5.0;
				TARGETED_DEVICE_FAMILY = "1,2";
				TEST_TARGET_NAME = ApplePaySample;
			};
			name = Debug;
		};
		BAD646FD2B3E0A1E00B7C644 /* Release */ = {
			isa = XCBuildConfiguration;
			buildSettings = {
				ALWAYS_EMBED_SWIFT_STANDARD_LIBRARIES = YES;
				CODE_SIGN_STYLE = Automatic;
				CURRENT_PROJECT_VERSION = 1;
				DEVELOPMENT_TEAM = W769B4T7BB;
				GENERATE_INFOPLIST_FILE = YES;
				MARKETING_VERSION = 1.0;
				PRODUCT_BUNDLE_IDENTIFIER = com.kumaprovider.ApplePaySampleUITests;
				PRODUCT_NAME = "$(TARGET_NAME)";
				SWIFT_EMIT_LOC_STRINGS = NO;
				SWIFT_VERSION = 5.0;
				TARGETED_DEVICE_FAMILY = "1,2";
				TEST_TARGET_NAME = ApplePaySample;
			};
			name = Release;
		};
/* End XCBuildConfiguration section */

/* Begin XCConfigurationList section */
		BAD646C62B3E0A1C00B7C644 /* Build configuration list for PBXProject "ApplePaySample" */ = {
			isa = XCConfigurationList;
			buildConfigurations = (
				BAD646F32B3E0A1E00B7C644 /* Debug */,
				BAD646F42B3E0A1E00B7C644 /* Release */,
			);
			defaultConfigurationIsVisible = 0;
			defaultConfigurationName = Release;
		};
		BAD646F52B3E0A1E00B7C644 /* Build configuration list for PBXNativeTarget "ApplePaySample" */ = {
			isa = XCConfigurationList;
			buildConfigurations = (
				BAD646F62B3E0A1E00B7C644 /* Debug */,
				BAD646F72B3E0A1E00B7C644 /* Release */,
			);
			defaultConfigurationIsVisible = 0;
			defaultConfigurationName = Release;
		};
		BAD646F82B3E0A1E00B7C644 /* Build configuration list for PBXNativeTarget "ApplePaySampleTests" */ = {
			isa = XCConfigurationList;
			buildConfigurations = (
				BAD646F92B3E0A1E00B7C644 /* Debug */,
				BAD646FA2B3E0A1E00B7C644 /* Release */,
			);
			defaultConfigurationIsVisible = 0;
			defaultConfigurationName = Release;
		};
		BAD646FB2B3E0A1E00B7C644 /* Build configuration list for PBXNativeTarget "ApplePaySampleUITests" */ = {
			isa = XCConfigurationList;
			buildConfigurations = (
				BAD646FC2B3E0A1E00B7C644 /* Debug */,
				BAD646FD2B3E0A1E00B7C644 /* Release */,
			);
			defaultConfigurationIsVisible = 0;
			defaultConfigurationName = Release;
		};
/* End XCConfigurationList section */
	};
	rootObject = BAD646C32B3E0A1C00B7C644 /* Project object */;
}
